
Microsoft Visual Studio Solution File, Format Version 12.00
# Visual Studio Version 16
VisualStudioVersion = 16.0.29215.179
MinimumVisualStudioVersion = 10.0.40219.1
Project("{9A19103F-16F7-4668-BE54-9A1E7A4F7556}") = "HiberusAPI", "HiberusAPI\HiberusAPI.csproj", "{AEC621F7-032E-4001-96CF-2C99362BF62F}"
EndProject
Project("{9A19103F-16F7-4668-BE54-9A1E7A4F7556}") = "HiberusAPIEntidades", "HiberusAPIEntidades\HiberusAPIEntidades.csproj", "{0AADF87F-4D28-4E8F-836A-243F3517BD83}"
EndProject
Project("{9A19103F-16F7-4668-BE54-9A1E7A4F7556}") = "HiberusAPINegocio", "HiberusAPINegocio\HiberusAPINegocio.csproj", "{34AF1B38-6D0E-418D-A9C3-94315A0C9640}"
EndProject
Project("{9A19103F-16F7-4668-BE54-9A1E7A4F7556}") = "HiberusAPIDatosContext", "HiberusAPIDatosContext\HiberusAPIDatosContext.csproj", "{962A3299-F569-4F54-8E20-6D1E8770677F}"
EndProject
Project("{FAE04EC0-301F-11D3-BF4B-00C04F79EFBC}") = "NUnitTestHiberusAPI", "NUnitTestHiberusAPI\NUnitTestHiberusAPI.csproj", "{2A7EFDC9-8C64-4604-84AD-63E9EAAB2B85}"
EndProject
Global
	GlobalSection(SolutionConfigurationPlatforms) = preSolution
		Debug|Any CPU = Debug|Any CPU
		Release|Any CPU = Release|Any CPU
	EndGlobalSection
	GlobalSection(ProjectConfigurationPlatforms) = postSolution
		{AEC621F7-032E-4001-96CF-2C99362BF62F}.Debug|Any CPU.ActiveCfg = Debug|Any CPU
		{AEC621F7-032E-4001-96CF-2C99362BF62F}.Debug|Any CPU.Build.0 = Debug|Any CPU
		{AEC621F7-032E-4001-96CF-2C99362BF62F}.Release|Any CPU.ActiveCfg = Release|Any CPU
		{AEC621F7-032E-4001-96CF-2C99362BF62F}.Release|Any CPU.Build.0 = Release|Any CPU
		{0AADF87F-4D28-4E8F-836A-243F3517BD83}.Debug|Any CPU.ActiveCfg = Debug|Any CPU
		{0AADF87F-4D28-4E8F-836A-243F3517BD83}.Debug|Any CPU.Build.0 = Debug|Any CPU
		{0AADF87F-4D28-4E8F-836A-243F3517BD83}.Release|Any CPU.ActiveCfg = Release|Any CPU
		{0AADF87F-4D28-4E8F-836A-243F3517BD83}.Release|Any CPU.Build.0 = Release|Any CPU
		{34AF1B38-6D0E-418D-A9C3-94315A0C9640}.Debug|Any CPU.ActiveCfg = Debug|Any CPU
		{34AF1B38-6D0E-418D-A9C3-94315A0C9640}.Debug|Any CPU.Build.0 = Debug|Any CPU
		{34AF1B38-6D0E-418D-A9C3-94315A0C9640}.Release|Any CPU.ActiveCfg = Release|Any CPU
		{34AF1B38-6D0E-418D-A9C3-94315A0C9640}.Release|Any CPU.Build.0 = Release|Any CPU
		{962A3299-F569-4F54-8E20-6D1E8770677F}.Debug|Any CPU.ActiveCfg = Debug|Any CPU
		{962A3299-F569-4F54-8E20-6D1E8770677F}.Debug|Any CPU.Build.0 = Debug|Any CPU
		{962A3299-F569-4F54-8E20-6D1E8770677F}.Release|Any CPU.ActiveCfg = Release|Any CPU
		{962A3299-F569-4F54-8E20-6D1E8770677F}.Release|Any CPU.Build.0 = Release|Any CPU
		{2A7EFDC9-8C64-4604-84AD-63E9EAAB2B85}.Debug|Any CPU.ActiveCfg = Debug|Any CPU
		{2A7EFDC9-8C64-4604-84AD-63E9EAAB2B85}.Debug|Any CPU.Build.0 = Debug|Any CPU
		{2A7EFDC9-8C64-4604-84AD-63E9EAAB2B85}.Release|Any CPU.ActiveCfg = Release|Any CPU
		{2A7EFDC9-8C64-4604-84AD-63E9EAAB2B85}.Release|Any CPU.Build.0 = Release|Any CPU
	EndGlobalSection
	GlobalSection(SolutionProperties) = preSolution
		HideSolutionNode = FALSE
	EndGlobalSection
	GlobalSection(ExtensibilityGlobals) = postSolution
		SolutionGuid = {BEAC93DD-227C-4C2E-B315-A982CB1B8C32}
	EndGlobalSection
EndGlobal
